
Microsoft Visual Studio Solution File, Format Version 12.00
# Visual Studio Version 17
VisualStudioVersion = 17.0.31903.59
MinimumVisualStudioVersion = 10.0.40219.1
Project("{2150E333-8FDC-42A3-9474-1A3956D46DE8}") = "src", "src", "{926830F7-2F45-40A3-AD51-DBC127C9E729}"
EndProject
Project("{FAE04EC0-301F-11D3-BF4B-00C04F79EFBC}") = "Lume.Compiler", "src\Lume.Compiler\Lume.Compiler.csproj", "{F5D182D9-2B10-4EA8-8891-9C9BD326DE2F}"
EndProject
Project("{FAE04EC0-301F-11D3-BF4B-00C04F79EFBC}") = "Lume.Runtime", "src\Lume.Runtime\Lume.Runtime.csproj", "{7309B42B-6B63-431F-8437-4534E2EA8578}"
EndProject
Project("{FAE04EC0-301F-11D3-BF4B-00C04F79EFBC}") = "lume", "src\lume\lume.csproj", "{EAA6A3CA-6A3C-4022-AC05-FAB9499A5655}"
EndProject
Project("{2150E333-8FDC-42A3-9474-1A3956D46DE8}") = "tests", "tests", "{9C6B9389-6A89-4787-8B8B-D274733D814B}"
EndProject
Project("{FAE04EC0-301F-11D3-BF4B-00C04F79EFBC}") = "Lume.Tests", "tests\Lume.Tests\Lume.Tests.csproj", "{FBC17037-18ED-4367-AABC-F72568CF3359}"
EndProject
Global
	GlobalSection(SolutionConfigurationPlatforms) = preSolution
		Debug|Any CPU = Debug|Any CPU
		Release|Any CPU = Release|Any CPU
	EndGlobalSection
	GlobalSection(SolutionProperties) = preSolution
		HideSolutionNode = FALSE
	EndGlobalSection
	GlobalSection(ProjectConfigurationPlatforms) = postSolution
		{F5D182D9-2B10-4EA8-8891-9C9BD326DE2F}.Debug|Any CPU.ActiveCfg = Debug|Any CPU
		{F5D182D9-2B10-4EA8-8891-9C9BD326DE2F}.Debug|Any CPU.Build.0 = Debug|Any CPU
		{F5D182D9-2B10-4EA8-8891-9C9BD326DE2F}.Release|Any CPU.ActiveCfg = Release|Any CPU
		{F5D182D9-2B10-4EA8-8891-9C9BD326DE2F}.Release|Any CPU.Build.0 = Release|Any CPU
		{7309B42B-6B63-431F-8437-4534E2EA8578}.Debug|Any CPU.ActiveCfg = Debug|Any CPU
		{7309B42B-6B63-431F-8437-4534E2EA8578}.Debug|Any CPU.Build.0 = Debug|Any CPU
		{7309B42B-6B63-431F-8437-4534E2EA8578}.Release|Any CPU.ActiveCfg = Release|Any CPU
		{7309B42B-6B63-431F-8437-4534E2EA8578}.Release|Any CPU.Build.0 = Release|Any CPU
		{EAA6A3CA-6A3C-4022-AC05-FAB9499A5655}.Debug|Any CPU.ActiveCfg = Debug|Any CPU
		{EAA6A3CA-6A3C-4022-AC05-FAB9499A5655}.Debug|Any CPU.Build.0 = Debug|Any CPU
		{EAA6A3CA-6A3C-4022-AC05-FAB9499A5655}.Release|Any CPU.ActiveCfg = Release|Any CPU
		{EAA6A3CA-6A3C-4022-AC05-FAB9499A5655}.Release|Any CPU.Build.0 = Release|Any CPU
		{FBC17037-18ED-4367-AABC-F72568CF3359}.Debug|Any CPU.ActiveCfg = Debug|Any CPU
		{FBC17037-18ED-4367-AABC-F72568CF3359}.Debug|Any CPU.Build.0 = Debug|Any CPU
		{FBC17037-18ED-4367-AABC-F72568CF3359}.Release|Any CPU.ActiveCfg = Release|Any CPU
		{FBC17037-18ED-4367-AABC-F72568CF3359}.Release|Any CPU.Build.0 = Release|Any CPU
	EndGlobalSection
	GlobalSection(NestedProjects) = preSolution
		{F5D182D9-2B10-4EA8-8891-9C9BD326DE2F} = {926830F7-2F45-40A3-AD51-DBC127C9E729}
		{7309B42B-6B63-431F-8437-4534E2EA8578} = {926830F7-2F45-40A3-AD51-DBC127C9E729}
		{EAA6A3CA-6A3C-4022-AC05-FAB9499A5655} = {926830F7-2F45-40A3-AD51-DBC127C9E729}
		{FBC17037-18ED-4367-AABC-F72568CF3359} = {9C6B9389-6A89-4787-8B8B-D274733D814B}
	EndGlobalSection
EndGlobal
